
Microsoft Visual Studio Solution File, Format Version 12.00
# Visual Studio Version 17
VisualStudioVersion = 17.14.36109.1
MinimumVisualStudioVersion = 10.0.40219.1
Project("{FAE04EC0-301F-11D3-BF4B-00C04F79EFBC}") = "E-Coremmerce.API", "src\E-Coremmerce.API\E-Coremmerce.API.csproj", "{470F3C28-A3D1-AFBE-7BE1-E5FA7CC48F66}"
EndProject
Project("{FAE04EC0-301F-11D3-BF4B-00C04F79EFBC}") = "E-Coremmerce.Web", "src\E-Coremmerce.Web\E-Coremmerce.Web.csproj", "{35C013F4-ADCA-9D64-216B-E5F9372578AF}"
EndProject
Global
	GlobalSection(SolutionConfigurationPlatforms) = preSolution
		Debug|Any CPU = Debug|Any CPU
		Release|Any CPU = Release|Any CPU
	EndGlobalSection
	GlobalSection(ProjectConfigurationPlatforms) = postSolution
		{470F3C28-A3D1-AFBE-7BE1-E5FA7CC48F66}.Debug|Any CPU.ActiveCfg = Debug|Any CPU
		{470F3C28-A3D1-AFBE-7BE1-E5FA7CC48F66}.Debug|Any CPU.Build.0 = Debug|Any CPU
		{470F3C28-A3D1-AFBE-7BE1-E5FA7CC48F66}.Release|Any CPU.ActiveCfg = Release|Any CPU
		{470F3C28-A3D1-AFBE-7BE1-E5FA7CC48F66}.Release|Any CPU.Build.0 = Release|Any CPU
		{35C013F4-ADCA-9D64-216B-E5F9372578AF}.Debug|Any CPU.ActiveCfg = Debug|Any CPU
		{35C013F4-ADCA-9D64-216B-E5F9372578AF}.Debug|Any CPU.Build.0 = Debug|Any CPU
		{35C013F4-ADCA-9D64-216B-E5F9372578AF}.Release|Any CPU.ActiveCfg = Release|Any CPU
		{35C013F4-ADCA-9D64-216B-E5F9372578AF}.Release|Any CPU.Build.0 = Release|Any CPU
	EndGlobalSection
	GlobalSection(SolutionProperties) = preSolution
		HideSolutionNode = FALSE
	EndGlobalSection
	GlobalSection(ExtensibilityGlobals) = postSolution
		SolutionGuid = {FFEDC6D5-719C-418D-B85B-0B8B532F90BB}
	EndGlobalSection
EndGlobal
