
Microsoft Visual Studio Solution File, Format Version 12.00
# Visual Studio Version 17
VisualStudioVersion = 17.14.36109.1
MinimumVisualStudioVersion = 10.0.40219.1
Project("{FAE04EC0-301F-11D3-BF4B-00C04F79EFBC}") = "Insecure.API", "src\Insecure.API\Insecure.API.csproj", "{A1F46FAA-DCF4-D3B9-870E-7EA859F97A6F}"
EndProject
Project("{FAE04EC0-301F-11D3-BF4B-00C04F79EFBC}") = "Insecure.Web", "src\Insecure.Web\Insecure.Web.csproj", "{BD4AEA8C-A1B8-22E4-E68E-662903BB1C06}"
EndProject
Project("{E53339B2-1760-4266-BCC7-CA923CBCF16C}") = "docker-compose", "docker-compose.dcproj", "{81DDED9D-158B-E303-5F62-77A2896D2A5A}"
EndProject
Global
	GlobalSection(SolutionConfigurationPlatforms) = preSolution
		Debug|Any CPU = Debug|Any CPU
		Release|Any CPU = Release|Any CPU
	EndGlobalSection
	GlobalSection(ProjectConfigurationPlatforms) = postSolution
		{A1F46FAA-DCF4-D3B9-870E-7EA859F97A6F}.Debug|Any CPU.ActiveCfg = Debug|Any CPU
		{A1F46FAA-DCF4-D3B9-870E-7EA859F97A6F}.Debug|Any CPU.Build.0 = Debug|Any CPU
		{A1F46FAA-DCF4-D3B9-870E-7EA859F97A6F}.Release|Any CPU.ActiveCfg = Release|Any CPU
		{A1F46FAA-DCF4-D3B9-870E-7EA859F97A6F}.Release|Any CPU.Build.0 = Release|Any CPU
		{BD4AEA8C-A1B8-22E4-E68E-662903BB1C06}.Debug|Any CPU.ActiveCfg = Debug|Any CPU
		{BD4AEA8C-A1B8-22E4-E68E-662903BB1C06}.Debug|Any CPU.Build.0 = Debug|Any CPU
		{BD4AEA8C-A1B8-22E4-E68E-662903BB1C06}.Release|Any CPU.ActiveCfg = Release|Any CPU
		{BD4AEA8C-A1B8-22E4-E68E-662903BB1C06}.Release|Any CPU.Build.0 = Release|Any CPU
		{81DDED9D-158B-E303-5F62-77A2896D2A5A}.Debug|Any CPU.ActiveCfg = Debug|Any CPU
		{81DDED9D-158B-E303-5F62-77A2896D2A5A}.Debug|Any CPU.Build.0 = Debug|Any CPU
		{81DDED9D-158B-E303-5F62-77A2896D2A5A}.Release|Any CPU.ActiveCfg = Release|Any CPU
		{81DDED9D-158B-E303-5F62-77A2896D2A5A}.Release|Any CPU.Build.0 = Release|Any CPU
	EndGlobalSection
	GlobalSection(SolutionProperties) = preSolution
		HideSolutionNode = FALSE
	EndGlobalSection
	GlobalSection(ExtensibilityGlobals) = postSolution
		SolutionGuid = {FFEDC6D5-719C-418D-B85B-0B8B532F90BB}
	EndGlobalSection
EndGlobal
